<?xml version="1.0" encoding="utf-8"?>
<Project ToolsVersion="4.0" xmlns="http://schemas.microsoft.com/developer/msbuild/2003">
  <ItemGroup>
    <Filter Include="ctoolhu">
      <UniqueIdentifier>{c8002887-ac43-4cc6-af5f-4b05cdf4729d}</UniqueIdentifier>
    </Filter>
    <Filter Include="ctoolhu\event">
      <UniqueIdentifier>{d6a85728-6320-44fe-880e-59f50008cdf8}</UniqueIdentifier>
    </Filter>
    <Filter Include="ctoolhu\random">
      <UniqueIdentifier>{0f1aaf7b-bd20-4a1f-93cc-8ab6f680794f}</UniqueIdentifier>
    </Filter>
    <Filter Include="ctoolhu\typesafe">
      <UniqueIdentifier>{4497073f-04e8-4df9-bdb6-ee4cc6be5ece}</UniqueIdentifier>
    </Filter>
    <Filter Include="ctoolhu\thread">
      <UniqueIdentifier>{43dba989-7d05-4476-8abf-fb16e9ee5758}</UniqueIdentifier>
    </Filter>
    <Filter Include="ctoolhu\time">
      <UniqueIdentifier>{68924fab-8aef-4ecc-b0f5-0dcc8123f63c}</UniqueIdentifier>
    </Filter>
    <Filter Include="ctoolhu\maths">
      <UniqueIdentifier>{774ad2a9-9fac-4842-bf34-d3f9c10619da}</UniqueIdentifier>
    </Filter>
    <Filter Include="ctoolhu\singleton">
      <UniqueIdentifier>{f3f815f1-f437-467b-89ce-2d5d474c906c}</UniqueIdentifier>
    </Filter>
    <Filter Include="ctoolhu\property_tree">
      <UniqueIdentifier>{fdb5ba19-bfce-48e3-9e68-5d21b340d3af}</UniqueIdentifier>
    </Filter>
    <Filter Include="ctoolhu\visitor">
      <UniqueIdentifier>{0cbf6dc5-eb9f-406e-8b03-bf3a54a1686a}</UniqueIdentifier>
    </Filter>
    <Filter Include="ctoolhu\memory">
      <UniqueIdentifier>{829b9c80-f042-481a-860b-03a687cc0c3e}</UniqueIdentifier>
    </Filter>
    <Filter Include="ctoolhu\singleton\loki">
      <UniqueIdentifier>{d67fae63-2391-4a8b-8aca-8268aff84b75}</UniqueIdentifier>
    </Filter>
  </ItemGroup>
  <ItemGroup>
    <ClInclude Include="ctoolhu\event\aggregator.hpp">
      <Filter>ctoolhu\event</Filter>
    </ClInclude>
    <ClInclude Include="ctoolhu\event\firer.hpp">
      <Filter>ctoolhu\event</Filter>
    </ClInclude>
    <ClInclude Include="ctoolhu\event\subscriber.hpp">
      <Filter>ctoolhu\event</Filter>
    </ClInclude>
    <ClInclude Include="ctoolhu\random\generator.hpp">
      <Filter>ctoolhu\random</Filter>
    </ClInclude>
    <ClInclude Include="ctoolhu\random\engine.hpp">
      <Filter>ctoolhu\random</Filter>
    </ClInclude>
    <ClInclude Include="ctoolhu\typesafe\id.hpp">
      <Filter>ctoolhu\typesafe</Filter>
    </ClInclude>
    <ClInclude Include="ctoolhu\thread\proxy.hpp">
      <Filter>ctoolhu\thread</Filter>
    </ClInclude>
    <ClInclude Include="ctoolhu\thread\lockable.hpp">
      <Filter>ctoolhu\thread</Filter>
    </ClInclude>
    <ClInclude Include="ctoolhu\time\timer.hpp">
      <Filter>ctoolhu\time</Filter>
    </ClInclude>
    <ClInclude Include="ctoolhu\std_ext.hpp">
      <Filter>ctoolhu</Filter>
    </ClInclude>
    <ClInclude Include="ctoolhu\event\events.h">
      <Filter>ctoolhu\event</Filter>
    </ClInclude>
    <ClInclude Include="ctoolhu\maths\comparer.hpp">
      <Filter>ctoolhu\maths</Filter>
    </ClInclude>
    <ClInclude Include="ctoolhu\singleton\holder.hpp">
      <Filter>ctoolhu\singleton</Filter>
    </ClInclude>
    <ClInclude Include="ctoolhu\thread\pool.hpp">
      <Filter>ctoolhu\thread</Filter>
    </ClInclude>
    <ClInclude Include="ctoolhu\thread\queue.hpp">
      <Filter>ctoolhu\thread</Filter>
    </ClInclude>
    <ClInclude Include="ctoolhu\thread\future.hpp">
      <Filter>ctoolhu\thread</Filter>
    </ClInclude>
    <ClInclude Include="ctoolhu\thread\async.hpp">
      <Filter>ctoolhu\thread</Filter>
    </ClInclude>
    <ClInclude Include="ctoolhu\random\selector.hpp">
      <Filter>ctoolhu\random</Filter>
    </ClInclude>
    <ClInclude Include="ctoolhu\property_tree\ptree_ext.hpp">
      <Filter>ctoolhu\property_tree</Filter>
    </ClInclude>
    <ClInclude Include="ctoolhu\visitor\visitor.hpp">
      <Filter>ctoolhu\visitor</Filter>
    </ClInclude>
    <ClInclude Include="ctoolhu\visitor\visitable.hpp">
      <Filter>ctoolhu\visitor</Filter>
    </ClInclude>
    <ClInclude Include="ctoolhu\memory\object_pool_deleter.hpp">
      <Filter>ctoolhu\memory</Filter>
    </ClInclude>
    <ClInclude Include="ctoolhu\memory\object_pool.hpp">
      <Filter>ctoolhu\memory</Filter>
    </ClInclude>
    <ClInclude Include="ctoolhu\memory\allocator.hpp">
      <Filter>ctoolhu\memory</Filter>
    </ClInclude>
    <ClInclude Include="ctoolhu\singleton\loki\Singleton.h">
      <Filter>ctoolhu\singleton\loki</Filter>
    </ClInclude>
    <ClInclude Include="ctoolhu\singleton\loki\Threads.h">
      <Filter>ctoolhu\singleton\loki</Filter>
    </ClInclude>
  </ItemGroup>
  <ItemGroup>
    <Natvis Include="Ctoolhu.natvis" />
  </ItemGroup>
</Project>